
Microsoft Visual Studio Solution File, Format Version 12.00
# Visual Studio 15
VisualStudioVersion = 15.0.28010.2003
MinimumVisualStudioVersion = 10.0.40219.1
Project("{FAE04EC0-301F-11D3-BF4B-00C04F79EFBC}") = "EngEdu", "EngEdu\EngEdu.csproj", "{145A4BC7-003C-46E4-89EE-85F0D1FB419C}"
EndProject
Global
	GlobalSection(SolutionConfigurationPlatforms) = preSolution
		Debug|Any CPU = Debug|Any CPU
		Release|Any CPU = Release|Any CPU
	EndGlobalSection
	GlobalSection(ProjectConfigurationPlatforms) = postSolution
		{145A4BC7-003C-46E4-89EE-85F0D1FB419C}.Debug|Any CPU.ActiveCfg = Debug|Any CPU
		{145A4BC7-003C-46E4-89EE-85F0D1FB419C}.Debug|Any CPU.Build.0 = Debug|Any CPU
		{145A4BC7-003C-46E4-89EE-85F0D1FB419C}.Release|Any CPU.ActiveCfg = Release|Any CPU
		{145A4BC7-003C-46E4-89EE-85F0D1FB419C}.Release|Any CPU.Build.0 = Release|Any CPU
	EndGlobalSection
	GlobalSection(SolutionProperties) = preSolution
		HideSolutionNode = FALSE
	EndGlobalSection
	GlobalSection(ExtensibilityGlobals) = postSolution
		SolutionGuid = {BCF1AD57-F43A-494E-9FA8-3EE1B6CD46AC}
	EndGlobalSection
EndGlobal
